// !$*UTF8*$!
{
	archiveVersion = 1;
	classes = {
	};
	objectVersion = 48;
	objects = {

/* Begin PBXBuildFile section */
		5014B31A1FF1B69000CDC39C /* MapViewController.swift in Sources */ = {isa = PBXBuildFile; fileRef = 5014B3191FF1B69000CDC39C /* MapViewController.swift */; };
		508D03E91FE9BD5500659873 /* AltitudeViewController.swift in Sources */ = {isa = PBXBuildFile; fileRef = 508D03E81FE9BD5500659873 /* AltitudeViewController.swift */; };
		50C903A91FF34E6200D5DDEC /* CoreLocation.framework in Frameworks */ = {isa = PBXBuildFile; fileRef = 50C903A81FF34E6200D5DDEC /* CoreLocation.framework */; };
		50EDDD1A1FBF76B900741DDB /* AppDelegate.swift in Sources */ = {isa = PBXBuildFile; fileRef = 50EDDD191FBF76B900741DDB /* AppDelegate.swift */; };
		50EDDD1C1FBF76B900741DDB /* MasterViewController.swift in Sources */ = {isa = PBXBuildFile; fileRef = 50EDDD1B1FBF76B900741DDB /* MasterViewController.swift */; };
		50EDDD1E1FBF76B900741DDB /* DetailViewController.swift in Sources */ = {isa = PBXBuildFile; fileRef = 50EDDD1D1FBF76B900741DDB /* DetailViewController.swift */; };
		50EDDD211FBF76B900741DDB /* Main.storyboard in Resources */ = {isa = PBXBuildFile; fileRef = 50EDDD1F1FBF76B900741DDB /* Main.storyboard */; };
		50EDDD231FBF76B900741DDB /* Assets.xcassets in Resources */ = {isa = PBXBuildFile; fileRef = 50EDDD221FBF76B900741DDB /* Assets.xcassets */; };
		50EDDD261FBF76B900741DDB /* LaunchScreen.storyboard in Resources */ = {isa = PBXBuildFile; fileRef = 50EDDD241FBF76B900741DDB /* LaunchScreen.storyboard */; };
		50EDDD2E1FBF8DE200741DDB /* DeadStick.swift in Sources */ = {isa = PBXBuildFile; fileRef = 50EDDD2D1FBF8DE200741DDB /* DeadStick.swift */; };
/* End PBXBuildFile section */

/* Begin PBXFileReference section */
		5014B3191FF1B69000CDC39C /* MapViewController.swift */ = {isa = PBXFileReference; lastKnownFileType = sourcecode.swift; path = MapViewController.swift; sourceTree = "<group>"; };
		508D03E81FE9BD5500659873 /* AltitudeViewController.swift */ = {isa = PBXFileReference; lastKnownFileType = sourcecode.swift; path = AltitudeViewController.swift; sourceTree = "<group>"; };
		50C903A81FF34E6200D5DDEC /* CoreLocation.framework */ = {isa = PBXFileReference; lastKnownFileType = wrapper.framework; name = CoreLocation.framework; path = System/Library/Frameworks/CoreLocation.framework; sourceTree = SDKROOT; };
		50EDDD161FBF76B900741DDB /* DeadStick.app */ = {isa = PBXFileReference; explicitFileType = wrapper.application; includeInIndex = 0; path = DeadStick.app; sourceTree = BUILT_PRODUCTS_DIR; };
		50EDDD191FBF76B900741DDB /* AppDelegate.swift */ = {isa = PBXFileReference; lastKnownFileType = sourcecode.swift; path = AppDelegate.swift; sourceTree = "<group>"; };
		50EDDD1B1FBF76B900741DDB /* MasterViewController.swift */ = {isa = PBXFileReference; lastKnownFileType = sourcecode.swift; path = MasterViewController.swift; sourceTree = "<group>"; };
		50EDDD1D1FBF76B900741DDB /* DetailViewController.swift */ = {isa = PBXFileReference; lastKnownFileType = sourcecode.swift; path = DetailViewController.swift; sourceTree = "<group>"; };
		50EDDD201FBF76B900741DDB /* Base */ = {isa = PBXFileReference; lastKnownFileType = file.storyboard; name = Base; path = Base.lproj/Main.storyboard; sourceTree = "<group>"; };
		50EDDD221FBF76B900741DDB /* Assets.xcassets */ = {isa = PBXFileReference; lastKnownFileType = folder.assetcatalog; path = Assets.xcassets; sourceTree = "<group>"; };
		50EDDD251FBF76B900741DDB /* Base */ = {isa = PBXFileReference; lastKnownFileType = file.storyboard; name = Base; path = Base.lproj/LaunchScreen.storyboard; sourceTree = "<group>"; };
		50EDDD271FBF76B900741DDB /* Info.plist */ = {isa = PBXFileReference; lastKnownFileType = text.plist.xml; path = Info.plist; sourceTree = "<group>"; };
		50EDDD2D1FBF8DE200741DDB /* DeadStick.swift */ = {isa = PBXFileReference; lastKnownFileType = sourcecode.swift; path = DeadStick.swift; sourceTree = "<group>"; };
/* End PBXFileReference section */

/* Begin PBXFrameworksBuildPhase section */
		50EDDD131FBF76B900741DDB /* Frameworks */ = {
			isa = PBXFrameworksBuildPhase;
			buildActionMask = 2147483647;
			files = (
				50C903A91FF34E6200D5DDEC /* CoreLocation.framework in Frameworks */,
			);
			runOnlyForDeploymentPostprocessing = 0;
		};
/* End PBXFrameworksBuildPhase section */

/* Begin PBXGroup section */
		50C903A71FF34E6200D5DDEC /* Frameworks */ = {
			isa = PBXGroup;
			children = (
				50C903A81FF34E6200D5DDEC /* CoreLocation.framework */,
			);
			name = Frameworks;
			sourceTree = "<group>";
		};
		50EDDD0D1FBF76B800741DDB = {
			isa = PBXGroup;
			children = (
				50EDDD181FBF76B900741DDB /* DeadStick */,
				50EDDD171FBF76B900741DDB /* Products */,
				50C903A71FF34E6200D5DDEC /* Frameworks */,
			);
			sourceTree = "<group>";
		};
		50EDDD171FBF76B900741DDB /* Products */ = {
			isa = PBXGroup;
			children = (
				50EDDD161FBF76B900741DDB /* DeadStick.app */,
			);
			name = Products;
			sourceTree = "<group>";
		};
		50EDDD181FBF76B900741DDB /* DeadStick */ = {
			isa = PBXGroup;
			children = (
				50EDDD191FBF76B900741DDB /* AppDelegate.swift */,
				508D03E81FE9BD5500659873 /* AltitudeViewController.swift */,
				50EDDD2D1FBF8DE200741DDB /* DeadStick.swift */,
				50EDDD1D1FBF76B900741DDB /* DetailViewController.swift */,
				5014B3191FF1B69000CDC39C /* MapViewController.swift */,
				50EDDD1B1FBF76B900741DDB /* MasterViewController.swift */,
				50EDDD1F1FBF76B900741DDB /* Main.storyboard */,
				50EDDD241FBF76B900741DDB /* LaunchScreen.storyboard */,
				50EDDD221FBF76B900741DDB /* Assets.xcassets */,
				50EDDD271FBF76B900741DDB /* Info.plist */,
			);
			path = DeadStick;
			sourceTree = "<group>";
		};
/* End PBXGroup section */

/* Begin PBXNativeTarget section */
		50EDDD151FBF76B900741DDB /* DeadStick */ = {
			isa = PBXNativeTarget;
			buildConfigurationList = 50EDDD2A1FBF76B900741DDB /* Build configuration list for PBXNativeTarget "DeadStick" */;
			buildPhases = (
				50EDDD121FBF76B900741DDB /* Sources */,
				50EDDD131FBF76B900741DDB /* Frameworks */,
				50EDDD141FBF76B900741DDB /* Resources */,
			);
			buildRules = (
			);
			dependencies = (
			);
			name = DeadStick;
			productName = DeadStick;
			productReference = 50EDDD161FBF76B900741DDB /* DeadStick.app */;
			productType = "com.apple.product-type.application";
		};
/* End PBXNativeTarget section */

/* Begin PBXProject section */
		50EDDD0E1FBF76B800741DDB /* Project object */ = {
			isa = PBXProject;
			attributes = {
				LastSwiftUpdateCheck = 0910;
				LastUpgradeCheck = 0910;
				ORGANIZATIONNAME = "Hal W. Dale, Jr.";
				TargetAttributes = {
					50EDDD151FBF76B900741DDB = {
						CreatedOnToolsVersion = 9.1;
						ProvisioningStyle = Automatic;
					};
				};
			};
			buildConfigurationList = 50EDDD111FBF76B800741DDB /* Build configuration list for PBXProject "DeadStick" */;
			compatibilityVersion = "Xcode 8.0";
			developmentRegion = en;
			hasScannedForEncodings = 0;
			knownRegions = (
				en,
				Base,
			);
			mainGroup = 50EDDD0D1FBF76B800741DDB;
			productRefGroup = 50EDDD171FBF76B900741DDB /* Products */;
			projectDirPath = "";
			projectRoot = "";
			targets = (
				50EDDD151FBF76B900741DDB /* DeadStick */,
			);
		};
/* End PBXProject section */

/* Begin PBXResourcesBuildPhase section */
		50EDDD141FBF76B900741DDB /* Resources */ = {
			isa = PBXResourcesBuildPhase;
			buildActionMask = 2147483647;
			files = (
				50EDDD261FBF76B900741DDB /* LaunchScreen.storyboard in Resources */,
				50EDDD231FBF76B900741DDB /* Assets.xcassets in Resources */,
				50EDDD211FBF76B900741DDB /* Main.storyboard in Resources */,
			);
			runOnlyForDeploymentPostprocessing = 0;
		};
/* End PBXResourcesBuildPhase section */

/* Begin PBXSourcesBuildPhase section */
		50EDDD121FBF76B900741DDB /* Sources */ = {
			isa = PBXSourcesBuildPhase;
			buildActionMask = 2147483647;
			files = (
				50EDDD1E1FBF76B900741DDB /* DetailViewController.swift in Sources */,
				508D03E91FE9BD5500659873 /* AltitudeViewController.swift in Sources */,
				50EDDD1C1FBF76B900741DDB /* MasterViewController.swift in Sources */,
				50EDDD2E1FBF8DE200741DDB /* DeadStick.swift in Sources */,
				50EDDD1A1FBF76B900741DDB /* AppDelegate.swift in Sources */,
				5014B31A1FF1B69000CDC39C /* MapViewController.swift in Sources */,
			);
			runOnlyForDeploymentPostprocessing = 0;
		};
/* End PBXSourcesBuildPhase section */

/* Begin PBXVariantGroup section */
		50EDDD1F1FBF76B900741DDB /* Main.storyboard */ = {
			isa = PBXVariantGroup;
			children = (
				50EDDD201FBF76B900741DDB /* Base */,
			);
			name = Main.storyboard;
			sourceTree = "<group>";
		};
		50EDDD241FBF76B900741DDB /* LaunchScreen.storyboard */ = {
			isa = PBXVariantGroup;
			children = (
				50EDDD251FBF76B900741DDB /* Base */,
			);
			name = LaunchScreen.storyboard;
			sourceTree = "<group>";
		};
/* End PBXVariantGroup section */

/* Begin XCBuildConfiguration section */
		50EDDD281FBF76B900741DDB /* Debug */ = {
			isa = XCBuildConfiguration;
			buildSettings = {
				ALWAYS_SEARCH_USER_PATHS = NO;
				CLANG_ANALYZER_NONNULL = YES;
				CLANG_ANALYZER_NUMBER_OBJECT_CONVERSION = YES_AGGRESSIVE;
				CLANG_CXX_LANGUAGE_STANDARD = "gnu++14";
				CLANG_CXX_LIBRARY = "libc++";
				CLANG_ENABLE_MODULES = YES;
				CLANG_ENABLE_OBJC_ARC = YES;
				CLANG_WARN_BLOCK_CAPTURE_AUTORELEASING = YES;
				CLANG_WARN_BOOL_CONVERSION = YES;
				CLANG_WARN_COMMA = YES;
				CLANG_WARN_CONSTANT_CONVERSION = YES;
				CLANG_WARN_DIRECT_OBJC_ISA_USAGE = YES_ERROR;
				CLANG_WARN_DOCUMENTATION_COMMENTS = YES;
				CLANG_WARN_EMPTY_BODY = YES;
				CLANG_WARN_ENUM_CONVERSION = YES;
				CLANG_WARN_INFINITE_RECURSION = YES;
				CLANG_WARN_INT_CONVERSION = YES;
				CLANG_WARN_NON_LITERAL_NULL_CONVERSION = YES;
				CLANG_WARN_OBJC_LITERAL_CONVERSION = YES;
				CLANG_WARN_OBJC_ROOT_CLASS = YES_ERROR;
				CLANG_WARN_RANGE_LOOP_ANALYSIS = YES;
				CLANG_WARN_STRICT_PROTOTYPES = YES;
				CLANG_WARN_SUSPICIOUS_MOVE = YES;
				CLANG_WARN_UNGUARDED_AVAILABILITY = YES_AGGRESSIVE;
				CLANG_WARN_UNREACHABLE_CODE = YES;
				CLANG_WARN__DUPLICATE_METHOD_MATCH = YES;
				CODE_SIGN_IDENTITY = "iPhone Developer";
				COPY_PHASE_STRIP = NO;
				DEBUG_INFORMATION_FORMAT = dwarf;
				ENABLE_STRICT_OBJC_MSGSEND = YES;
				ENABLE_TESTABILITY = YES;
				GCC_C_LANGUAGE_STANDARD = gnu11;
				GCC_DYNAMIC_NO_PIC = NO;
				GCC_NO_COMMON_BLOCKS = YES;
				GCC_OPTIMIZATION_LEVEL = 0;
				GCC_PREPROCESSOR_DEFINITIONS = (
					"DEBUG=1",
					"$(inherited)",
				);
				GCC_WARN_64_TO_32_BIT_CONVERSION = YES;
				GCC_WARN_ABOUT_RETURN_TYPE = YES_ERROR;
				GCC_WARN_UNDECLARED_SELECTOR = YES;
				GCC_WARN_UNINITIALIZED_AUTOS = YES_AGGRESSIVE;
				GCC_WARN_UNUSED_FUNCTION = YES;
				GCC_WARN_UNUSED_VARIABLE = YES;
				IPHONEOS_DEPLOYMENT_TARGET = 11.1;
				MTL_ENABLE_DEBUG_INFO = YES;
				ONLY_ACTIVE_ARCH = YES;
				SDKROOT = iphoneos;
				SWIFT_ACTIVE_COMPILATION_CONDITIONS = DEBUG;
				SWIFT_OPTIMIZATION_LEVEL = "-Onone";
			};
			name = Debug;
		};
		50EDDD291FBF76B900741DDB /* Release */ = {
			isa = XCBuildConfiguration;
			buildSettings = {
				ALWAYS_SEARCH_USER_PATHS = NO;
				CLANG_ANALYZER_NONNULL = YES;
				CLANG_ANALYZER_NUMBER_OBJECT_CONVERSION = YES_AGGRESSIVE;
				CLANG_CXX_LANGUAGE_STANDARD = "gnu++14";
				CLANG_CXX_LIBRARY = "libc++";
				CLANG_ENABLE_MODULES = YES;
				CLANG_ENABLE_OBJC_ARC = YES;
				CLANG_WARN_BLOCK_CAPTURE_AUTORELEASING = YES;
				CLANG_WARN_BOOL_CONVERSION = YES;
				CLANG_WARN_COMMA = YES;
				CLANG_WARN_CONSTANT_CONVERSION = YES;
				CLANG_WARN_DIRECT_OBJC_ISA_USAGE = YES_ERROR;
				CLANG_WARN_DOCUMENTATION_COMMENTS = YES;
				CLANG_WARN_EMPTY_BODY = YES;
				CLANG_WARN_ENUM_CONVERSION = YES;
				CLANG_WARN_INFINITE_RECURSION = YES;
				CLANG_WARN_INT_CONVERSION = YES;
				CLANG_WARN_NON_LITERAL_NULL_CONVERSION = YES;
				CLANG_WARN_OBJC_LITERAL_CONVERSION = YES;
				CLANG_WARN_OBJC_ROOT_CLASS = YES_ERROR;
				CLANG_WARN_RANGE_LOOP_ANALYSIS = YES;
				CLANG_WARN_STRICT_PROTOTYPES = YES;
				CLANG_WARN_SUSPICIOUS_MOVE = YES;
				CLANG_WARN_UNGUARDED_AVAILABILITY = YES_AGGRESSIVE;
				CLANG_WARN_UNREACHABLE_CODE = YES;
				CLANG_WARN__DUPLICATE_METHOD_MATCH = YES;
				CODE_SIGN_IDENTITY = "iPhone Developer";
				COPY_PHASE_STRIP = NO;
				DEBUG_INFORMATION_FORMAT = "dwarf-with-dsym";
				ENABLE_NS_ASSERTIONS = NO;
				ENABLE_STRICT_OBJC_MSGSEND = YES;
				GCC_C_LANGUAGE_STANDARD = gnu11;
				GCC_NO_COMMON_BLOCKS = YES;
				GCC_WARN_64_TO_32_BIT_CONVERSION = YES;
				GCC_WARN_ABOUT_RETURN_TYPE = YES_ERROR;
				GCC_WARN_UNDECLARED_SELECTOR = YES;
				GCC_WARN_UNINITIALIZED_AUTOS = YES_AGGRESSIVE;
				GCC_WARN_UNUSED_FUNCTION = YES;
				GCC_WARN_UNUSED_VARIABLE = YES;
				IPHONEOS_DEPLOYMENT_TARGET = 11.1;
				MTL_ENABLE_DEBUG_INFO = NO;
				SDKROOT = iphoneos;
				SWIFT_OPTIMIZATION_LEVEL = "-Owholemodule";
				VALIDATE_PRODUCT = YES;
			};
			name = Release;
		};
		50EDDD2B1FBF76B900741DDB /* Debug */ = {
			isa = XCBuildConfiguration;
			buildSettings = {
				ASSETCATALOG_COMPILER_APPICON_NAME = AppIcon;
				CODE_SIGN_STYLE = Automatic;
				DEVELOPMENT_TEAM = 9P9VAQJ682;
				INFOPLIST_FILE = DeadStick/Info.plist;
				LD_RUNPATH_SEARCH_PATHS = "$(inherited) @executable_path/Frameworks";
				PRODUCT_BUNDLE_IDENTIFIER = h.dale.DeadStick;
				PRODUCT_NAME = "$(TARGET_NAME)";
				SWIFT_VERSION = 4.0;
				TARGETED_DEVICE_FAMILY = "1,2";
			};
			name = Debug;
		};
		50EDDD2C1FBF76B900741DDB /* Release */ = {
			isa = XCBuildConfiguration;
			buildSettings = {
				ASSETCATALOG_COMPILER_APPICON_NAME = AppIcon;
				CODE_SIGN_STYLE = Automatic;
				DEVELOPMENT_TEAM = 9P9VAQJ682;
				INFOPLIST_FILE = DeadStick/Info.plist;
				LD_RUNPATH_SEARCH_PATHS = "$(inherited) @executable_path/Frameworks";
				PRODUCT_BUNDLE_IDENTIFIER = h.dale.DeadStick;
				PRODUCT_NAME = "$(TARGET_NAME)";
				SWIFT_VERSION = 4.0;
				TARGETED_DEVICE_FAMILY = "1,2";
			};
			name = Release;
		};
/* End XCBuildConfiguration section */

/* Begin XCConfigurationList section */
		50EDDD111FBF76B800741DDB /* Build configuration list for PBXProject "DeadStick" */ = {
			isa = XCConfigurationList;
			buildConfigurations = (
				50EDDD281FBF76B900741DDB /* Debug */,
				50EDDD291FBF76B900741DDB /* Release */,
			);
			defaultConfigurationIsVisible = 0;
			defaultConfigurationName = Release;
		};
		50EDDD2A1FBF76B900741DDB /* Build configuration list for PBXNativeTarget "DeadStick" */ = {
			isa = XCConfigurationList;
			buildConfigurations = (
				50EDDD2B1FBF76B900741DDB /* Debug */,
				50EDDD2C1FBF76B900741DDB /* Release */,
			);
			defaultConfigurationIsVisible = 0;
			defaultConfigurationName = Release;
		};
/* End XCConfigurationList section */
	};
	rootObject = 50EDDD0E1FBF76B800741DDB /* Project object */;
}
